
Microsoft Visual Studio Solution File, Format Version 12.00
# Visual Studio 15
VisualStudioVersion = 15.0.28010.2026
MinimumVisualStudioVersion = 10.0.40219.1
Project("{FAE04EC0-301F-11D3-BF4B-00C04F79EFBC}") = "svanderest1_College_Strike", "svanderest1_College_Strike\svanderest1_College_Strike.csproj", "{02C4070F-627F-4B13-9F29-294511489D77}"
EndProject
Global
	GlobalSection(SolutionConfigurationPlatforms) = preSolution
		Debug|Any CPU = Debug|Any CPU
		Release|Any CPU = Release|Any CPU
	EndGlobalSection
	GlobalSection(ProjectConfigurationPlatforms) = postSolution
		{02C4070F-627F-4B13-9F29-294511489D77}.Debug|Any CPU.ActiveCfg = Debug|Any CPU
		{02C4070F-627F-4B13-9F29-294511489D77}.Debug|Any CPU.Build.0 = Debug|Any CPU
		{02C4070F-627F-4B13-9F29-294511489D77}.Release|Any CPU.ActiveCfg = Release|Any CPU
		{02C4070F-627F-4B13-9F29-294511489D77}.Release|Any CPU.Build.0 = Release|Any CPU
	EndGlobalSection
	GlobalSection(SolutionProperties) = preSolution
		HideSolutionNode = FALSE
	EndGlobalSection
	GlobalSection(ExtensibilityGlobals) = postSolution
		SolutionGuid = {1D8100AA-AD14-439A-B7B9-94CB5D57D367}
	EndGlobalSection
EndGlobal
